
Microsoft Visual Studio Solution File, Format Version 12.00
# Visual Studio Version 17
VisualStudioVersion = 17.1.32210.238
MinimumVisualStudioVersion = 10.0.40219.1
Project("{FAE04EC0-301F-11D3-BF4B-00C04F79EFBC}") = "TeamWork", "TeamWork\TeamWork.csproj", "{303C6E2F-0DC1-42DF-BBFF-B4859DF28BBB}"
EndProject
Global
	GlobalSection(SolutionConfigurationPlatforms) = preSolution
		Debug|Any CPU = Debug|Any CPU
		Release|Any CPU = Release|Any CPU
	EndGlobalSection
	GlobalSection(ProjectConfigurationPlatforms) = postSolution
		{303C6E2F-0DC1-42DF-BBFF-B4859DF28BBB}.Debug|Any CPU.ActiveCfg = Debug|Any CPU
		{303C6E2F-0DC1-42DF-BBFF-B4859DF28BBB}.Debug|Any CPU.Build.0 = Debug|Any CPU
		{303C6E2F-0DC1-42DF-BBFF-B4859DF28BBB}.Release|Any CPU.ActiveCfg = Release|Any CPU
		{303C6E2F-0DC1-42DF-BBFF-B4859DF28BBB}.Release|Any CPU.Build.0 = Release|Any CPU
	EndGlobalSection
	GlobalSection(SolutionProperties) = preSolution
		HideSolutionNode = FALSE
	EndGlobalSection
	GlobalSection(ExtensibilityGlobals) = postSolution
		SolutionGuid = {C778F1DE-88F1-4744-82E9-420F8C69686D}
	EndGlobalSection
EndGlobal
